{
  "name": "entung-tea",
  "version": "1.0.0",
  "lockfileVersion": 3,
  "requires": true,
  "packages": {
    "": {
      "name": "entung-tea",
      "version": "1.0.0",
      "license": "ISC",
      "dependencies": {
        "entung-tea": "^1.0.0"
      }
    },
    "node_modules/entung-tea": {
      "version": "1.0.0",
      "resolved": "https://registry.npmjs.org/entung-tea/-/entung-tea-1.0.0.tgz",
      "integrity": "sha512-AMf3zhtokNVfDEJnj4Cq8g1oUWtBBrAfvCAGBTQaq5Gd+yORQeneMitCFJlF8keyk2JhH04EqPuDfc2F+k+a4w==",
      "license": "ISC"
    }
  }
}
